binutils 2.44-3 7228716cad15e78d1571f1cd4ec7141f64608790d0fbcba23a07f2eda6298272 https://deb.debian.org/debian/pool/main/b/binutils/binutils_2.44-3_arm64.deb
binutils-aarch64-linux-gnu 2.44-3 79cbf1459118bce3535133ffbf1fd2adbd57af65271f95c829af5cfa7f474168 https://deb.debian.org/debian/pool/main/b/binutils/binutils-aarch64-linux-gnu_2.44-3_arm64.deb
binutils-common 2.44-3 f2d6b7d0b5521c4c90fc105e32819cd5268c1aa69104173b3fb856595f898249 https://deb.debian.org/debian/pool/main/b/binutils/binutils-common_2.44-3_arm64.deb
binutils-x86-64-linux-gnu 2.44-3 af80fafe2d2f855736799d403c8668b2272ae479ccc83ed469e98877e44c2b0b https://deb.debian.org/debian/pool/main/b/binutils/binutils-x86-64-linux-gnu_2.44-3_arm64.deb
cpp-14 14.2.0-19 0b440241f7c3e2e87f2d0f1dd36792c4e2705d38a699ed331818799f21ef9437 https://deb.debian.org/debian/pool/main/g/gcc-14/cpp-14_14.2.0-19_arm64.deb
cpp-14-aarch64-linux-gnu 14.2.0-19 8e588ac3efe06f7784b08feac584c70e6965b74c045bae7e4e80bb42938f7dbe https://deb.debian.org/debian/pool/main/g/gcc-14/cpp-14-aarch64-linux-gnu_14.2.0-19_arm64.deb
cpp-14-x86-64-linux-gnu 14.2.0-19cross1 ec8d17b095df075a16c80a15979c196c315af8f88ba0b3231c44b45135b6c444 https://deb.debian.org/debian/pool/main/g/gcc-14-cross/cpp-14-x86-64-linux-gnu_14.2.0-19cross1_arm64.deb
gcc-14 14.2.0-19 f4ba77903d7efc3c64c69a8a98c7efa8ea1ae4331521bb74abd76bcc43f1b576 https://deb.debian.org/debian/pool/main/g/gcc-14/gcc-14_14.2.0-19_arm64.deb
gcc-14-aarch64-linux-gnu 14.2.0-19 5ff736a332ba5d60ad463355ed25c8c39da1281acf9155cc2f8a55fc1d478be8 https://deb.debian.org/debian/pool/main/g/gcc-14/gcc-14-aarch64-linux-gnu_14.2.0-19_arm64.deb
gcc-14-base 14.2.0-19 34ee90679b018c0e64234747a4c4c0ae6b7f63541115037465a8627c2dfbc594 https://deb.debian.org/debian/pool/main/g/gcc-14/gcc-14-base_14.2.0-19_arm64.deb
gcc-14-cross-base 14.2.0-19cross1 a6c277ad0961c1e69bebd2509151733961ea49bb53ff64aa1dac72b5929babf0 https://deb.debian.org/debian/pool/main/g/gcc-14-cross/gcc-14-cross-base_14.2.0-19cross1_all.deb
gcc-14-x86-64-linux-gnu 14.2.0-19cross1 157932608aa10a3f26cf13e2e6ffcd6744d5bfa5a8d8feb5bac75875db41df96 https://deb.debian.org/debian/pool/main/g/gcc-14-cross/gcc-14-x86-64-linux-gnu_14.2.0-19cross1_arm64.deb
gcc-14-x86-64-linux-gnu-base 14.2.0-19cross1 e39695bfd2eaf3ce59d6ffc60f2db3bc1eb3c9806c7612c8d36383e363dc312a https://deb.debian.org/debian/pool/main/g/gcc-14-cross/gcc-14-x86-64-linux-gnu-base_14.2.0-19cross1_arm64.deb
libasan8 14.2.0-19 5621bd583a3390b45726a8eebe23601f7fad86a25193e5349976cbf17e2bc9ad https://deb.debian.org/debian/pool/main/g/gcc-14/libasan8_14.2.0-19_arm64.deb
libasan8-amd64-cross 14.2.0-19cross1 f46a3a80eccc9a68d43b0c567abe7173bfc07e15bee05db7276606cbcc297c75 https://deb.debian.org/debian/pool/main/g/gcc-14-cross/libasan8-amd64-cross_14.2.0-19cross1_all.deb
libatomic1 14.2.0-19 7ccff90234484bf21ae5ecb79d25b6a84b2f4038f65dd139085b2e3a937cd8dc https://deb.debian.org/debian/pool/main/g/gcc-14/libatomic1_14.2.0-19_arm64.deb
libatomic1-amd64-cross 14.2.0-19cross1 311d62ad8116bd732e0ef9eed553e4d214452dd77aef9f1fb3b75d64759ab667 https://deb.debian.org/debian/pool/main/g/gcc-14-cross/libatomic1-amd64-cross_14.2.0-19cross1_all.deb
libbinutils 2.44-3 c51c0cc0272202d00fc3e6da8b96bfed2a428c239b689363abddd3bac6bd7a02 https://deb.debian.org/debian/pool/main/b/binutils/libbinutils_2.44-3_arm64.deb
libc-dev-bin 2.41-12+deb13u4 cd4b3bdf404a01792003f4ca400bc602252ab24e0a8c53e45d474d1818dc02e3 https://deb.debian.org/debian/pool/main/g/glibc/libc-dev-bin_2.41-12+deb13u4_arm64.deb
libc6 2.41-12+deb13u4 8784eda966b189c777a384dac5ce009e8fc9b52d006926c5a013e7fa8aa688cc https://deb.debian.org/debian/pool/main/g/glibc/libc6_2.41-12+deb13u4_arm64.deb
libc6-amd64-cross 2.41-11cross1 b0e7cce4eb4029b5f23a67c439f0e13b5b8418be949390fd22ebc67e30a659aa https://deb.debian.org/debian/pool/main/c/cross-toolchain-base/libc6-amd64-cross_2.41-11cross1_all.deb
libc6-dev 2.41-12+deb13u4 71e373cb5e9da975b02fb4af555929cb1977560e2dd8245de4eb8a7b03677a08 https://deb.debian.org/debian/pool/main/g/glibc/libc6-dev_2.41-12+deb13u4_arm64.deb
libc6-dev-amd64-cross 2.41-11cross1 54ef8425cbc7c45888981e6ef23529df4d056688a6c71a415fcc95a404522b9f https://deb.debian.org/debian/pool/main/c/cross-toolchain-base/libc6-dev-amd64-cross_2.41-11cross1_all.deb
libcc1-0 14.2.0-19 f5e390b5fd65432b820afa403a61ab4d6286948fc07ca3aacb4d230a81f5c9a5 https://deb.debian.org/debian/pool/main/g/gcc-14/libcc1-0_14.2.0-19_arm64.deb
libcrypt-dev 1:4.4.38-1 eec6d4658495cdb8ce505cad91e0918edb8086677f280f3851c07ccd70543054 https://deb.debian.org/debian/pool/main/libx/libxcrypt/libcrypt-dev_4.4.38-1_arm64.deb
libcrypt1 1:4.4.38-1 b9aaa808aa3812b3de3e54eb5dfb16762c1779db032604abef2354c02fdc29b8 https://deb.debian.org/debian/pool/main/libx/libxcrypt/libcrypt1_4.4.38-1_arm64.deb
libctf-nobfd0 2.44-3 7b1894cbd09bd59507af259ba680a1f5d3b68c6ba9e5d69508ea2d75b3f01be6 https://deb.debian.org/debian/pool/main/b/binutils/libctf-nobfd0_2.44-3_arm64.deb
libctf0 2.44-3 12cb7df9eafd965c00c38a8720c5b78e7b0106390f69fe180a3b3589f407d550 https://deb.debian.org/debian/pool/main/b/binutils/libctf0_2.44-3_arm64.deb
libgcc-14-dev 14.2.0-19 64b8ebc7182a69aa9525df6eab5e7eb849b947e350d821549f8a8a3e9b19e5ba https://deb.debian.org/debian/pool/main/g/gcc-14/libgcc-14-dev_14.2.0-19_arm64.deb
libgcc-14-dev-amd64-cross 14.2.0-19cross1 c6642e5d83ad232573c2a45efb5b407b06eb61af2220eb1c922d0380dd446286 https://deb.debian.org/debian/pool/main/g/gcc-14-cross/libgcc-14-dev-amd64-cross_14.2.0-19cross1_all.deb
libgcc-s1 14.2.0-19 1108bc87879833d6d9a145f22a4a15cddb34e065b4b5f4b97bee586adbac2851 https://deb.debian.org/debian/pool/main/g/gcc-14/libgcc-s1_14.2.0-19_arm64.deb
libgcc-s1-amd64-cross 14.2.0-19cross1 b319ad73d3233bfe2ac72896a7a921208035c39ea27795377c9522c728846e53 https://deb.debian.org/debian/pool/main/g/gcc-14-cross/libgcc-s1-amd64-cross_14.2.0-19cross1_all.deb
libgmp10 2:6.3.0+dfsg-3 a27bbc27f119161ea9702c8dd66f54131cdf0d2ca73000f50ea91ef2fdfef0fb https://deb.debian.org/debian/pool/main/g/gmp/libgmp10_6.3.0+dfsg-3_arm64.deb
libgomp1 14.2.0-19 43e84cb7971d8a4d8870cab6204e998ea4f23ee1339bb0ff556dd881bac82d25 https://deb.debian.org/debian/pool/main/g/gcc-14/libgomp1_14.2.0-19_arm64.deb
libgomp1-amd64-cross 14.2.0-19cross1 d658031b6cbd8ade56ff30a1aced31acf33d66cbcd272532e2f951e6edf9836a https://deb.debian.org/debian/pool/main/g/gcc-14-cross/libgomp1-amd64-cross_14.2.0-19cross1_all.deb
libgprofng0 2.44-3 4642014c84f3d070d889725900fbd23165189597d45deddc7bdcf9928de9e32e https://deb.debian.org/debian/pool/main/b/binutils/libgprofng0_2.44-3_arm64.deb
libhwasan0 14.2.0-19 5a758db399fafd354b6488c4f250b7670fb1f61c31b4e4f329d0fbb750a17084 https://deb.debian.org/debian/pool/main/g/gcc-14/libhwasan0_14.2.0-19_arm64.deb
libhwasan0-amd64-cross 14.2.0-19cross1 b306a43de4609f2713ebaf18c9e0f134e3ca6c5a4c621d8b4c4d408894c5928a https://deb.debian.org/debian/pool/main/g/gcc-14-cross/libhwasan0-amd64-cross_14.2.0-19cross1_all.deb
libisl23 0.27-1 21c490db3fa5f0a517c55090a199334da6164589772ebd922dff1e569c78515d https://deb.debian.org/debian/pool/main/i/isl/libisl23_0.27-1_arm64.deb
libitm1 14.2.0-19 d6f0255b498af876ab7bf4420672e43cbe58dcd577f0711131cbfbcbee283cdb https://deb.debian.org/debian/pool/main/g/gcc-14/libitm1_14.2.0-19_arm64.deb
libitm1-amd64-cross 14.2.0-19cross1 0fae4a0e466808666564cd628f4afc0074267b131e70787f0680b71d24c138e1 https://deb.debian.org/debian/pool/main/g/gcc-14-cross/libitm1-amd64-cross_14.2.0-19cross1_all.deb
libjansson4 2.14-2+b3 7938472b1ddfa8b0c8f58d5f44406ae7a77a342dbb502a02f6bf292b4f853ab0 https://deb.debian.org/debian/pool/main/j/jansson/libjansson4_2.14-2+b3_arm64.deb
liblsan0 14.2.0-19 488a54a5fe01a926ae16d73dc7ea9f530f1bf63fae73640f741695eec2541a38 https://deb.debian.org/debian/pool/main/g/gcc-14/liblsan0_14.2.0-19_arm64.deb
liblsan0-amd64-cross 14.2.0-19cross1 2c08f7a362cd2ba0f22c2dd0d0b010f3069e3e52b0b4105f06bd7b7d3784e823 https://deb.debian.org/debian/pool/main/g/gcc-14-cross/liblsan0-amd64-cross_14.2.0-19cross1_all.deb
libmpc3 1.3.1-1+b3 d4cfe026a624e51641c80ef2af77387185714f62f3b5c87035e62d9ed8d9eec1 https://deb.debian.org/debian/pool/main/m/mpclib3/libmpc3_1.3.1-1+b3_arm64.deb
libmpfr6 4.2.2-1 628a4ef58cc6815880f72e9d3953984a379a017e4042bc575f1fcbf3954d79ac https://deb.debian.org/debian/pool/main/m/mpfr4/libmpfr6_4.2.2-1_arm64.deb
libquadmath0-amd64-cross 14.2.0-19cross1 daf07a61d4cc3c72107b80a43bbc373da3b73165fc0047bda224bf164746ddcd https://deb.debian.org/debian/pool/main/g/gcc-14-cross/libquadmath0-amd64-cross_14.2.0-19cross1_all.deb
libsframe1 2.44-3 d4a90764fa79858347aaa3197bc4489404f005d9cdbea9b2ec75a607ea5ff518 https://deb.debian.org/debian/pool/main/b/binutils/libsframe1_2.44-3_arm64.deb
libstdc++6 14.2.0-19 6669b0c52a2e7c6af9adfdabce3ff6e286065cdfbc7b85280862b5f799daebee https://deb.debian.org/debian/pool/main/g/gcc-14/libstdc++6_14.2.0-19_arm64.deb
libstdc++6-amd64-cross 14.2.0-19cross1 3f129c30e478ef19694e6b3c796e90796316cc698395de98ecd52b1f91494912 https://deb.debian.org/debian/pool/main/g/gcc-14-cross/libstdc++6-amd64-cross_14.2.0-19cross1_all.deb
libtsan2 14.2.0-19 c767c05f3dade13b5780478366029f2ff32e44bea852c6a4d7a1f93f1363d3e3 https://deb.debian.org/debian/pool/main/g/gcc-14/libtsan2_14.2.0-19_arm64.deb
libtsan2-amd64-cross 14.2.0-19cross1 893e663c9d5041ec4d6745d87d504bfaf3852b641897144355ad38a1c3239ded https://deb.debian.org/debian/pool/main/g/gcc-14-cross/libtsan2-amd64-cross_14.2.0-19cross1_all.deb
libubsan1 14.2.0-19 b5539003465ea1e60f66b9e3a1019da182e826c82d480944f3656b12351c74c8 https://deb.debian.org/debian/pool/main/g/gcc-14/libubsan1_14.2.0-19_arm64.deb
libubsan1-amd64-cross 14.2.0-19cross1 5b993bdc6a5f47c35a0814a8c252a6b83b4291755a97fcaa6b31ff00d01347ad https://deb.debian.org/debian/pool/main/g/gcc-14-cross/libubsan1-amd64-cross_14.2.0-19cross1_all.deb
libzstd1 1.5.7+dfsg-1 924540bd59fdbfa77a0604360efdaca54411a43daf11c7e002a3c64791b67448 https://deb.debian.org/debian/pool/main/libz/libzstd/libzstd1_1.5.7+dfsg-1_arm64.deb
linux-libc-dev 6.12.111-1 b9055566f71a6fa2e818174dcc3622aa0fb5d16cdff1bc5346e52492ba27b57c https://deb.debian.org/debian-security/pool/updates/main/l/linux/linux-libc-dev_6.12.111-1_all.deb
linux-libc-dev-amd64-cross 6.12.38-1cross1 da463ddd3ee96b37c33f16da99c47b03b4e514888d3d853e73253ee73bd0d7d8 https://deb.debian.org/debian/pool/main/c/cross-toolchain-base/linux-libc-dev-amd64-cross_6.12.38-1cross1_all.deb
rpcsvc-proto 1.4.3-1+b1 6ae3c216e6c7d8e042ad3f122b8aa89aff56b2b5174b1c5780a7841b3becd61c https://deb.debian.org/debian/pool/main/r/rpcsvc-proto/rpcsvc-proto_1.4.3-1+b1_arm64.deb
zlib1g 1:1.3.dfsg+really1.3.1-1+b1 209aa5cf671e97b9eb0410844fa6df4cae2e75b0c72e7802ab6c8ece13e6ddef https://deb.debian.org/debian/pool/main/z/zlib/zlib1g_1.3.dfsg+really1.3.1-1+b1_arm64.deb
